
Microsoft Visual Studio Solution File, Format Version 12.00
# Visual Studio 15
VisualStudioVersion = 15.0.26124.0
MinimumVisualStudioVersion = 15.0.26124.0
Project("{FAE04EC0-301F-11D3-BF4B-00C04F79EFBC}") = "kiga.domain", "kiga.domain\kiga.domain.csproj", "{27DD19CD-8FB6-47BD-99D7-912F0FE908F8}"
EndProject
Project("{FAE04EC0-301F-11D3-BF4B-00C04F79EFBC}") = "kiga.repository", "kiga.repository\kiga.repository.csproj", "{6F2A0388-54BC-4FD7-ADE3-E7D05BBC6D2C}"
EndProject
Project("{FAE04EC0-301F-11D3-BF4B-00C04F79EFBC}") = "kiga.webapi", "kiga.webapi\kiga.webapi.csproj", "{535A0700-9097-4FA4-89B8-3C72E444E2FD}"
EndProject
Global
	GlobalSection(SolutionConfigurationPlatforms) = preSolution
		Debug|Any CPU = Debug|Any CPU
		Debug|x64 = Debug|x64
		Debug|x86 = Debug|x86
		Release|Any CPU = Release|Any CPU
		Release|x64 = Release|x64
		Release|x86 = Release|x86
	EndGlobalSection
	GlobalSection(SolutionProperties) = preSolution
		HideSolutionNode = FALSE
	EndGlobalSection
	GlobalSection(ProjectConfigurationPlatforms) = postSolution
		{27DD19CD-8FB6-47BD-99D7-912F0FE908F8}.Debug|Any CPU.ActiveCfg = Debug|Any CPU
		{27DD19CD-8FB6-47BD-99D7-912F0FE908F8}.Debug|Any CPU.Build.0 = Debug|Any CPU
		{27DD19CD-8FB6-47BD-99D7-912F0FE908F8}.Debug|x64.ActiveCfg = Debug|x64
		{27DD19CD-8FB6-47BD-99D7-912F0FE908F8}.Debug|x64.Build.0 = Debug|x64
		{27DD19CD-8FB6-47BD-99D7-912F0FE908F8}.Debug|x86.ActiveCfg = Debug|x86
		{27DD19CD-8FB6-47BD-99D7-912F0FE908F8}.Debug|x86.Build.0 = Debug|x86
		{27DD19CD-8FB6-47BD-99D7-912F0FE908F8}.Release|Any CPU.ActiveCfg = Release|Any CPU
		{27DD19CD-8FB6-47BD-99D7-912F0FE908F8}.Release|Any CPU.Build.0 = Release|Any CPU
		{27DD19CD-8FB6-47BD-99D7-912F0FE908F8}.Release|x64.ActiveCfg = Release|x64
		{27DD19CD-8FB6-47BD-99D7-912F0FE908F8}.Release|x64.Build.0 = Release|x64
		{27DD19CD-8FB6-47BD-99D7-912F0FE908F8}.Release|x86.ActiveCfg = Release|x86
		{27DD19CD-8FB6-47BD-99D7-912F0FE908F8}.Release|x86.Build.0 = Release|x86
		{6F2A0388-54BC-4FD7-ADE3-E7D05BBC6D2C}.Debug|Any CPU.ActiveCfg = Debug|Any CPU
		{6F2A0388-54BC-4FD7-ADE3-E7D05BBC6D2C}.Debug|Any CPU.Build.0 = Debug|Any CPU
		{6F2A0388-54BC-4FD7-ADE3-E7D05BBC6D2C}.Debug|x64.ActiveCfg = Debug|x64
		{6F2A0388-54BC-4FD7-ADE3-E7D05BBC6D2C}.Debug|x64.Build.0 = Debug|x64
		{6F2A0388-54BC-4FD7-ADE3-E7D05BBC6D2C}.Debug|x86.ActiveCfg = Debug|x86
		{6F2A0388-54BC-4FD7-ADE3-E7D05BBC6D2C}.Debug|x86.Build.0 = Debug|x86
		{6F2A0388-54BC-4FD7-ADE3-E7D05BBC6D2C}.Release|Any CPU.ActiveCfg = Release|Any CPU
		{6F2A0388-54BC-4FD7-ADE3-E7D05BBC6D2C}.Release|Any CPU.Build.0 = Release|Any CPU
		{6F2A0388-54BC-4FD7-ADE3-E7D05BBC6D2C}.Release|x64.ActiveCfg = Release|x64
		{6F2A0388-54BC-4FD7-ADE3-E7D05BBC6D2C}.Release|x64.Build.0 = Release|x64
		{6F2A0388-54BC-4FD7-ADE3-E7D05BBC6D2C}.Release|x86.ActiveCfg = Release|x86
		{6F2A0388-54BC-4FD7-ADE3-E7D05BBC6D2C}.Release|x86.Build.0 = Release|x86
		{535A0700-9097-4FA4-89B8-3C72E444E2FD}.Debug|Any CPU.ActiveCfg = Debug|Any CPU
		{535A0700-9097-4FA4-89B8-3C72E444E2FD}.Debug|Any CPU.Build.0 = Debug|Any CPU
		{535A0700-9097-4FA4-89B8-3C72E444E2FD}.Debug|x64.ActiveCfg = Debug|x64
		{535A0700-9097-4FA4-89B8-3C72E444E2FD}.Debug|x64.Build.0 = Debug|x64
		{535A0700-9097-4FA4-89B8-3C72E444E2FD}.Debug|x86.ActiveCfg = Debug|x86
		{535A0700-9097-4FA4-89B8-3C72E444E2FD}.Debug|x86.Build.0 = Debug|x86
		{535A0700-9097-4FA4-89B8-3C72E444E2FD}.Release|Any CPU.ActiveCfg = Release|Any CPU
		{535A0700-9097-4FA4-89B8-3C72E444E2FD}.Release|Any CPU.Build.0 = Release|Any CPU
		{535A0700-9097-4FA4-89B8-3C72E444E2FD}.Release|x64.ActiveCfg = Release|x64
		{535A0700-9097-4FA4-89B8-3C72E444E2FD}.Release|x64.Build.0 = Release|x64
		{535A0700-9097-4FA4-89B8-3C72E444E2FD}.Release|x86.ActiveCfg = Release|x86
		{535A0700-9097-4FA4-89B8-3C72E444E2FD}.Release|x86.Build.0 = Release|x86
	EndGlobalSection
EndGlobal
